
Microsoft Visual Studio Solution File, Format Version 12.00
# Visual Studio Version 16
VisualStudioVersion = 16.0.31424.327
MinimumVisualStudioVersion = 10.0.40219.1
Project("{9A19103F-16F7-4668-BE54-9A1E7A4F7556}") = "ChangeFOVSettings", "ChangeFOVSettings\ChangeFOVSettings.csproj", "{D61059FA-8A20-4DBE-BA53-DF9722FB95B4}"
EndProject
Global
	GlobalSection(SolutionConfigurationPlatforms) = preSolution
		Debug|Any CPU = Debug|Any CPU
		Release|Any CPU = Release|Any CPU
	EndGlobalSection
	GlobalSection(ProjectConfigurationPlatforms) = postSolution
		{D61059FA-8A20-4DBE-BA53-DF9722FB95B4}.Debug|Any CPU.ActiveCfg = Debug|Any CPU
		{D61059FA-8A20-4DBE-BA53-DF9722FB95B4}.Debug|Any CPU.Build.0 = Debug|Any CPU
		{D61059FA-8A20-4DBE-BA53-DF9722FB95B4}.Release|Any CPU.ActiveCfg = Release|Any CPU
		{D61059FA-8A20-4DBE-BA53-DF9722FB95B4}.Release|Any CPU.Build.0 = Release|Any CPU
	EndGlobalSection
	GlobalSection(SolutionProperties) = preSolution
		HideSolutionNode = FALSE
	EndGlobalSection
	GlobalSection(ExtensibilityGlobals) = postSolution
		SolutionGuid = {C49807EB-CD6C-44A1-943E-62242759FDF5}
	EndGlobalSection
EndGlobal
